
Microsoft Visual Studio Solution File, Format Version 12.00
Project("{FAE04EC0-301F-11D3-BF4B-00C04F79EFBC}") = "assignment1_n-puzzle", "assignment1_n-puzzle.csproj", "{40F619D2-0923-413D-ADF9-C7D3605784BA}"
EndProject
Global
	GlobalSection(SolutionConfigurationPlatforms) = preSolution
		Debug|Any CPU = Debug|Any CPU
		Release|Any CPU = Release|Any CPU
	EndGlobalSection
	GlobalSection(ProjectConfigurationPlatforms) = postSolution
		{40F619D2-0923-413D-ADF9-C7D3605784BA}.Debug|Any CPU.ActiveCfg = Debug|Any CPU
		{40F619D2-0923-413D-ADF9-C7D3605784BA}.Debug|Any CPU.Build.0 = Debug|Any CPU
		{40F619D2-0923-413D-ADF9-C7D3605784BA}.Release|Any CPU.ActiveCfg = Release|Any CPU
		{40F619D2-0923-413D-ADF9-C7D3605784BA}.Release|Any CPU.Build.0 = Release|Any CPU
	EndGlobalSection
EndGlobal
