
Microsoft Visual Studio Solution File, Format Version 12.00
# Visual Studio Version 17
VisualStudioVersion = 17.0.32112.339
MinimumVisualStudioVersion = 10.0.40219.1
Project("{FAE04EC0-301F-11D3-BF4B-00C04F79EFBC}") = "SpaceDefenders VT22", "SpaceDefenders VT22\SpaceDefenders VT22.csproj", "{BA403EB3-C2D9-4478-AF3C-25D7310BA254}"
EndProject
Global
	GlobalSection(SolutionConfigurationPlatforms) = preSolution
		Debug|Any CPU = Debug|Any CPU
		Release|Any CPU = Release|Any CPU
	EndGlobalSection
	GlobalSection(ProjectConfigurationPlatforms) = postSolution
		{BA403EB3-C2D9-4478-AF3C-25D7310BA254}.Debug|Any CPU.ActiveCfg = Debug|Any CPU
		{BA403EB3-C2D9-4478-AF3C-25D7310BA254}.Debug|Any CPU.Build.0 = Debug|Any CPU
		{BA403EB3-C2D9-4478-AF3C-25D7310BA254}.Release|Any CPU.ActiveCfg = Release|Any CPU
		{BA403EB3-C2D9-4478-AF3C-25D7310BA254}.Release|Any CPU.Build.0 = Release|Any CPU
	EndGlobalSection
	GlobalSection(SolutionProperties) = preSolution
		HideSolutionNode = FALSE
	EndGlobalSection
	GlobalSection(ExtensibilityGlobals) = postSolution
		SolutionGuid = {B0C91F92-5B35-4329-B92F-EA3F2FAA7EF3}
	EndGlobalSection
EndGlobal
